{
  "lockfileVersion": 1,
  "workspaces": {
    "": {
      "name": "prettylog",
      "devDependencies": {
        "@types/vscode": "^1.80.0",
      },
    },
  },
  "packages": {
    "@types/vscode": ["@types/vscode@1.80.0", "", {}, "sha512-qK/CmOdS2o7ry3k6YqU4zD3R2AYlJfbwBoSbKpBoP+GpXNE+0NEgJOli4n0bm0diK5kfBnchgCEj4igQz/44Hg=="],
  }
}
